// !$*UTF8*$!
{
	archiveVersion = 1;
	classes = {
	};
	objectVersion = 56;
	objects = {

/* Begin PBXBuildFile section */
		A960B24C2D9F0042003F7F1C /* XPCService.swift in Sources */ = {isa = PBXBuildFile; fileRef = A960B24B2D9F0042003F7F1C /* XPCService.swift */; };
		A960B24E2D9F0042003F7F1C /* XPCServiceProtocol.swift in Sources */ = {isa = PBXBuildFile; fileRef = A960B24D2D9F0042003F7F1C /* XPCServiceProtocol.swift */; };
		A960B2502D9F0042003F7F1C /* main.swift in Sources */ = {isa = PBXBuildFile; fileRef = A960B24F2D9F0042003F7F1C /* main.swift */; };
		A960B2552D9F0042003F7F1C /* XPCService.xpc in Embed XPC Services */ = {isa = PBXBuildFile; fileRef = A960B2492D9F0042003F7F1C /* XPCService.xpc */; settings = {ATTRIBUTES = (RemoveHeadersOnCopy, ); }; };
		A9614C2B2D2982F30078D1AB /* NetworkManager.swift in Sources */ = {isa = PBXBuildFile; fileRef = A9614C2A2D2982F30078D1AB /* NetworkManager.swift */; };
		A9614C2D2D29929B0078D1AB /* DataStruct.swift in Sources */ = {isa = PBXBuildFile; fileRef = A9614C2C2D29929B0078D1AB /* DataStruct.swift */; };
		A9614C2F2D29937F0078D1AB /* NetworkAPI.swift in Sources */ = {isa = PBXBuildFile; fileRef = A9614C2E2D29937F0078D1AB /* NetworkAPI.swift */; };
		A96CB0322D21A291003E72F6 /* DriveSea_3App.swift in Sources */ = {isa = PBXBuildFile; fileRef = A96CB0312D21A291003E72F6 /* DriveSea_3App.swift */; };
		A96CB0342D21A291003E72F6 /* LoginView.swift in Sources */ = {isa = PBXBuildFile; fileRef = A96CB0332D21A291003E72F6 /* LoginView.swift */; };
		A96CB0362D21A292003E72F6 /* Assets.xcassets in Resources */ = {isa = PBXBuildFile; fileRef = A96CB0352D21A292003E72F6 /* Assets.xcassets */; };
		A96CB0392D21A292003E72F6 /* Preview Assets.xcassets in Resources */ = {isa = PBXBuildFile; fileRef = A96CB0382D21A292003E72F6 /* Preview Assets.xcassets */; };
		A96CB03B2D21A292003E72F6 /* Persistence.swift in Sources */ = {isa = PBXBuildFile; fileRef = A96CB03A2D21A292003E72F6 /* Persistence.swift */; };
		A96CB03E2D21A292003E72F6 /* DriveSea_3.xcdatamodeld in Sources */ = {isa = PBXBuildFile; fileRef = A96CB03C2D21A292003E72F6 /* DriveSea_3.xcdatamodeld */; };
		A96CB0492D21A293003E72F6 /* DriveSea_3Tests.swift in Sources */ = {isa = PBXBuildFile; fileRef = A96CB0482D21A293003E72F6 /* DriveSea_3Tests.swift */; };
		A96CB0532D21A293003E72F6 /* DriveSea_3UITests.swift in Sources */ = {isa = PBXBuildFile; fileRef = A96CB0522D21A293003E72F6 /* DriveSea_3UITests.swift */; };
		A96CB0552D21A293003E72F6 /* DriveSea_3UITestsLaunchTests.swift in Sources */ = {isa = PBXBuildFile; fileRef = A96CB0542D21A293003E72F6 /* DriveSea_3UITestsLaunchTests.swift */; };
		A97F28B72D2D2B7800F40A70 /* Protocols.swift in Sources */ = {isa = PBXBuildFile; fileRef = A97F28B62D2D2B7800F40A70 /* Protocols.swift */; };
		A9923C0F2D3950800020910A /* FinderSync.swift in Sources */ = {isa = PBXBuildFile; fileRef = A9923C0E2D3950800020910A /* FinderSync.swift */; };
		A9923C142D3950800020910A /* DriveSea Finder Connector.appex in Embed Foundation Extensions */ = {isa = PBXBuildFile; fileRef = A9923C0C2D3950800020910A /* DriveSea Finder Connector.appex */; settings = {ATTRIBUTES = (RemoveHeadersOnCopy, ); }; };
		A9B784452D28F340000EF282 /* LoginVM.swift in Sources */ = {isa = PBXBuildFile; fileRef = A9B784442D28F340000EF282 /* LoginVM.swift */; };
		A9B784482D28F39D000EF282 /* Alamofire in Frameworks */ = {isa = PBXBuildFile; productRef = A9B784472D28F39D000EF282 /* Alamofire */; };
		A9E068252D284EC9004342E2 /* Localizable.xcstrings in Resources */ = {isa = PBXBuildFile; fileRef = A9E068242D284EC9004342E2 /* Localizable.xcstrings */; };
/* End PBXBuildFile section */

/* Begin PBXContainerItemProxy section */
		A960B2532D9F0042003F7F1C /* PBXContainerItemProxy */ = {
			isa = PBXContainerItemProxy;
			containerPortal = A96CB0262D21A291003E72F6 /* Project object */;
			proxyType = 1;
			remoteGlobalIDString = A960B2482D9F0042003F7F1C;
			remoteInfo = XPCService;
		};
		A96CB0452D21A293003E72F6 /* PBXContainerItemProxy */ = {
			isa = PBXContainerItemProxy;
			containerPortal = A96CB0262D21A291003E72F6 /* Project object */;
			proxyType = 1;
			remoteGlobalIDString = A96CB02D2D21A291003E72F6;
			remoteInfo = "DriveSea 3";
		};
		A96CB04F2D21A293003E72F6 /* PBXContainerItemProxy */ = {
			isa = PBXContainerItemProxy;
			containerPortal = A96CB0262D21A291003E72F6 /* Project object */;
			proxyType = 1;
			remoteGlobalIDString = A96CB02D2D21A291003E72F6;
			remoteInfo = "DriveSea 3";
		};
		A9923C122D3950800020910A /* PBXContainerItemProxy */ = {
			isa = PBXContainerItemProxy;
			containerPortal = A96CB0262D21A291003E72F6 /* Project object */;
			proxyType = 1;
			remoteGlobalIDString = A9923C0B2D3950800020910A;
			remoteInfo = "DriveSea Finder Connector";
		};
/* End PBXContainerItemProxy section */

/* Begin PBXCopyFilesBuildPhase section */
		A960B2562D9F0042003F7F1C /* Embed XPC Services */ = {
			isa = PBXCopyFilesBuildPhase;
			buildActionMask = 2147483647;
			dstPath = "$(CONTENTS_FOLDER_PATH)/XPCServices";
			dstSubfolderSpec = 16;
			files = (
				A960B2552D9F0042003F7F1C /* XPCService.xpc in Embed XPC Services */,
			);
			name = "Embed XPC Services";
			runOnlyForDeploymentPostprocessing = 0;
		};
		A9923C152D3950800020910A /* Embed Foundation Extensions */ = {
			isa = PBXCopyFilesBuildPhase;
			buildActionMask = 2147483647;
			dstPath = "";
			dstSubfolderSpec = 13;
			files = (
				A9923C142D3950800020910A /* DriveSea Finder Connector.appex in Embed Foundation Extensions */,
			);
			name = "Embed Foundation Extensions";
			runOnlyForDeploymentPostprocessing = 0;
		};
/* End PBXCopyFilesBuildPhase section */

/* Begin PBXFileReference section */
		A960B2492D9F0042003F7F1C /* XPCService.xpc */ = {isa = PBXFileReference; explicitFileType = "wrapper.xpc-service"; includeInIndex = 0; path = XPCService.xpc; sourceTree = BUILT_PRODUCTS_DIR; };
		A960B24B2D9F0042003F7F1C /* XPCService.swift */ = {isa = PBXFileReference; lastKnownFileType = sourcecode.swift; path = XPCService.swift; sourceTree = "<group>"; };
		A960B24D2D9F0042003F7F1C /* XPCServiceProtocol.swift */ = {isa = PBXFileReference; lastKnownFileType = sourcecode.swift; path = XPCServiceProtocol.swift; sourceTree = "<group>"; };
		A960B24F2D9F0042003F7F1C /* main.swift */ = {isa = PBXFileReference; lastKnownFileType = sourcecode.swift; path = main.swift; sourceTree = "<group>"; };
		A960B2512D9F0042003F7F1C /* Info.plist */ = {isa = PBXFileReference; lastKnownFileType = text.plist.xml; path = Info.plist; sourceTree = "<group>"; };
		A960B2522D9F0042003F7F1C /* XPCService.entitlements */ = {isa = PBXFileReference; lastKnownFileType = text.plist.entitlements; path = XPCService.entitlements; sourceTree = "<group>"; };
		A9614C2A2D2982F30078D1AB /* NetworkManager.swift */ = {isa = PBXFileReference; lastKnownFileType = sourcecode.swift; path = NetworkManager.swift; sourceTree = "<group>"; };
		A9614C2C2D29929B0078D1AB /* DataStruct.swift */ = {isa = PBXFileReference; lastKnownFileType = sourcecode.swift; path = DataStruct.swift; sourceTree = "<group>"; };
		A9614C2E2D29937F0078D1AB /* NetworkAPI.swift */ = {isa = PBXFileReference; lastKnownFileType = sourcecode.swift; path = NetworkAPI.swift; sourceTree = "<group>"; };
		A96CB02E2D21A291003E72F6 /* DriveSea 3.app */ = {isa = PBXFileReference; explicitFileType = wrapper.application; includeInIndex = 0; path = "DriveSea 3.app"; sourceTree = BUILT_PRODUCTS_DIR; };
		A96CB0312D21A291003E72F6 /* DriveSea_3App.swift */ = {isa = PBXFileReference; lastKnownFileType = sourcecode.swift; path = DriveSea_3App.swift; sourceTree = "<group>"; };
		A96CB0332D21A291003E72F6 /* LoginView.swift */ = {isa = PBXFileReference; lastKnownFileType = sourcecode.swift; path = LoginView.swift; sourceTree = "<group>"; };
		A96CB0352D21A292003E72F6 /* Assets.xcassets */ = {isa = PBXFileReference; lastKnownFileType = folder.assetcatalog; path = Assets.xcassets; sourceTree = "<group>"; };
		A96CB0382D21A292003E72F6 /* Preview Assets.xcassets */ = {isa = PBXFileReference; lastKnownFileType = folder.assetcatalog; path = "Preview Assets.xcassets"; sourceTree = "<group>"; };
		A96CB03A2D21A292003E72F6 /* Persistence.swift */ = {isa = PBXFileReference; lastKnownFileType = sourcecode.swift; path = Persistence.swift; sourceTree = "<group>"; };
		A96CB03D2D21A292003E72F6 /* DriveSea_3.xcdatamodel */ = {isa = PBXFileReference; lastKnownFileType = wrapper.xcdatamodel; path = DriveSea_3.xcdatamodel; sourceTree = "<group>"; };
		A96CB03F2D21A292003E72F6 /* DriveSea_3.entitlements */ = {isa = PBXFileReference; lastKnownFileType = text.plist.entitlements; path = DriveSea_3.entitlements; sourceTree = "<group>"; };
		A96CB0442D21A293003E72F6 /* DriveSea 3Tests.xctest */ = {isa = PBXFileReference; explicitFileType = wrapper.cfbundle; includeInIndex = 0; path = "DriveSea 3Tests.xctest"; sourceTree = BUILT_PRODUCTS_DIR; };
		A96CB0482D21A293003E72F6 /* DriveSea_3Tests.swift */ = {isa = PBXFileReference; lastKnownFileType = sourcecode.swift; path = DriveSea_3Tests.swift; sourceTree = "<group>"; };
		A96CB04E2D21A293003E72F6 /* DriveSea 3UITests.xctest */ = {isa = PBXFileReference; explicitFileType = wrapper.cfbundle; includeInIndex = 0; path = "DriveSea 3UITests.xctest"; sourceTree = BUILT_PRODUCTS_DIR; };
		A96CB0522D21A293003E72F6 /* DriveSea_3UITests.swift */ = {isa = PBXFileReference; lastKnownFileType = sourcecode.swift; path = DriveSea_3UITests.swift; sourceTree = "<group>"; };
		A96CB0542D21A293003E72F6 /* DriveSea_3UITestsLaunchTests.swift */ = {isa = PBXFileReference; lastKnownFileType = sourcecode.swift; path = DriveSea_3UITestsLaunchTests.swift; sourceTree = "<group>"; };
		A97F28B62D2D2B7800F40A70 /* Protocols.swift */ = {isa = PBXFileReference; lastKnownFileType = sourcecode.swift; path = Protocols.swift; sourceTree = "<group>"; };
		A9923C0C2D3950800020910A /* DriveSea Finder Connector.appex */ = {isa = PBXFileReference; explicitFileType = "wrapper.app-extension"; includeInIndex = 0; path = "DriveSea Finder Connector.appex"; sourceTree = BUILT_PRODUCTS_DIR; };
		A9923C0E2D3950800020910A /* FinderSync.swift */ = {isa = PBXFileReference; lastKnownFileType = sourcecode.swift; path = FinderSync.swift; sourceTree = "<group>"; };
		A9923C102D3950800020910A /* Info.plist */ = {isa = PBXFileReference; lastKnownFileType = text.plist.xml; path = Info.plist; sourceTree = "<group>"; };
		A9923C112D3950800020910A /* DriveSea_Finder_Connector.entitlements */ = {isa = PBXFileReference; lastKnownFileType = text.plist.entitlements; path = DriveSea_Finder_Connector.entitlements; sourceTree = "<group>"; };
		A9B784442D28F340000EF282 /* LoginVM.swift */ = {isa = PBXFileReference; lastKnownFileType = sourcecode.swift; path = LoginVM.swift; sourceTree = "<group>"; };
		A9E068242D284EC9004342E2 /* Localizable.xcstrings */ = {isa = PBXFileReference; lastKnownFileType = text.json.xcstrings; path = Localizable.xcstrings; sourceTree = "<group>"; };
/* End PBXFileReference section */

/* Begin PBXFrameworksBuildPhase section */
		A960B2462D9F0042003F7F1C /* Frameworks */ = {
			isa = PBXFrameworksBuildPhase;
			buildActionMask = 2147483647;
			files = (
			);
			runOnlyForDeploymentPostprocessing = 0;
		};
		A96CB02B2D21A291003E72F6 /* Frameworks */ = {
			isa = PBXFrameworksBuildPhase;
			buildActionMask = 2147483647;
			files = (
				A9B784482D28F39D000EF282 /* Alamofire in Frameworks */,
			);
			runOnlyForDeploymentPostprocessing = 0;
		};
		A96CB0412D21A293003E72F6 /* Frameworks */ = {
			isa = PBXFrameworksBuildPhase;
			buildActionMask = 2147483647;
			files = (
			);
			runOnlyForDeploymentPostprocessing = 0;
		};
		A96CB04B2D21A293003E72F6 /* Frameworks */ = {
			isa = PBXFrameworksBuildPhase;
			buildActionMask = 2147483647;
			files = (
			);
			runOnlyForDeploymentPostprocessing = 0;
		};
		A9923C092D3950800020910A /* Frameworks */ = {
			isa = PBXFrameworksBuildPhase;
			buildActionMask = 2147483647;
			files = (
			);
			runOnlyForDeploymentPostprocessing = 0;
		};
/* End PBXFrameworksBuildPhase section */

/* Begin PBXGroup section */
		A960B24A2D9F0042003F7F1C /* XPCService */ = {
			isa = PBXGroup;
			children = (
				A960B24B2D9F0042003F7F1C /* XPCService.swift */,
				A960B24D2D9F0042003F7F1C /* XPCServiceProtocol.swift */,
				A960B24F2D9F0042003F7F1C /* main.swift */,
				A960B2512D9F0042003F7F1C /* Info.plist */,
				A960B2522D9F0042003F7F1C /* XPCService.entitlements */,
			);
			path = XPCService;
			sourceTree = "<group>";
		};
		A96CB0252D21A291003E72F6 = {
			isa = PBXGroup;
			children = (
				A9E068232D284EA9004342E2 /* i18n */,
				A96CB0302D21A291003E72F6 /* DriveSea 3 */,
				A96CB0472D21A293003E72F6 /* DriveSea 3Tests */,
				A96CB0512D21A293003E72F6 /* DriveSea 3UITests */,
				A9923C0D2D3950800020910A /* DriveSea Finder Connector */,
				A960B24A2D9F0042003F7F1C /* XPCService */,
				A96CB02F2D21A291003E72F6 /* Products */,
			);
			sourceTree = "<group>";
		};
		A96CB02F2D21A291003E72F6 /* Products */ = {
			isa = PBXGroup;
			children = (
				A96CB02E2D21A291003E72F6 /* DriveSea 3.app */,
				A96CB0442D21A293003E72F6 /* DriveSea 3Tests.xctest */,
				A96CB04E2D21A293003E72F6 /* DriveSea 3UITests.xctest */,
				A9923C0C2D3950800020910A /* DriveSea Finder Connector.appex */,
				A960B2492D9F0042003F7F1C /* XPCService.xpc */,
			);
			name = Products;
			sourceTree = "<group>";
		};
		A96CB0302D21A291003E72F6 /* DriveSea 3 */ = {
			isa = PBXGroup;
			children = (
				A96CB0312D21A291003E72F6 /* DriveSea_3App.swift */,
				A96CB0332D21A291003E72F6 /* LoginView.swift */,
				A9B784442D28F340000EF282 /* LoginVM.swift */,
				A9614C2E2D29937F0078D1AB /* NetworkAPI.swift */,
				A9614C2A2D2982F30078D1AB /* NetworkManager.swift */,
				A9614C2C2D29929B0078D1AB /* DataStruct.swift */,
				A97F28B62D2D2B7800F40A70 /* Protocols.swift */,
				A96CB0352D21A292003E72F6 /* Assets.xcassets */,
				A96CB03A2D21A292003E72F6 /* Persistence.swift */,
				A96CB03F2D21A292003E72F6 /* DriveSea_3.entitlements */,
				A96CB03C2D21A292003E72F6 /* DriveSea_3.xcdatamodeld */,
				A96CB0372D21A292003E72F6 /* Preview Content */,
			);
			path = "DriveSea 3";
			sourceTree = "<group>";
		};
		A96CB0372D21A292003E72F6 /* Preview Content */ = {
			isa = PBXGroup;
			children = (
				A96CB0382D21A292003E72F6 /* Preview Assets.xcassets */,
			);
			path = "Preview Content";
			sourceTree = "<group>";
		};
		A96CB0472D21A293003E72F6 /* DriveSea 3Tests */ = {
			isa = PBXGroup;
			children = (
				A96CB0482D21A293003E72F6 /* DriveSea_3Tests.swift */,
			);
			path = "DriveSea 3Tests";
			sourceTree = "<group>";
		};
		A96CB0512D21A293003E72F6 /* DriveSea 3UITests */ = {
			isa = PBXGroup;
			children = (
				A96CB0522D21A293003E72F6 /* DriveSea_3UITests.swift */,
				A96CB0542D21A293003E72F6 /* DriveSea_3UITestsLaunchTests.swift */,
			);
			path = "DriveSea 3UITests";
			sourceTree = "<group>";
		};
		A9923C0D2D3950800020910A /* DriveSea Finder Connector */ = {
			isa = PBXGroup;
			children = (
				A9923C0E2D3950800020910A /* FinderSync.swift */,
				A9923C102D3950800020910A /* Info.plist */,
				A9923C112D3950800020910A /* DriveSea_Finder_Connector.entitlements */,
			);
			path = "DriveSea Finder Connector";
			sourceTree = "<group>";
		};
		A9E068232D284EA9004342E2 /* i18n */ = {
			isa = PBXGroup;
			children = (
				A9E068242D284EC9004342E2 /* Localizable.xcstrings */,
			);
			path = i18n;
			sourceTree = "<group>";
		};
/* End PBXGroup section */

/* Begin PBXNativeTarget section */
		A960B2482D9F0042003F7F1C /* XPCService */ = {
			isa = PBXNativeTarget;
			buildConfigurationList = A960B2592D9F0042003F7F1C /* Build configuration list for PBXNativeTarget "XPCService" */;
			buildPhases = (
				A960B2452D9F0042003F7F1C /* Sources */,
				A960B2462D9F0042003F7F1C /* Frameworks */,
				A960B2472D9F0042003F7F1C /* Resources */,
			);
			buildRules = (
			);
			dependencies = (
			);
			name = XPCService;
			productName = XPCService;
			productReference = A960B2492D9F0042003F7F1C /* XPCService.xpc */;
			productType = "com.apple.product-type.xpc-service";
		};
		A96CB02D2D21A291003E72F6 /* DriveSea 3 */ = {
			isa = PBXNativeTarget;
			buildConfigurationList = A96CB0582D21A293003E72F6 /* Build configuration list for PBXNativeTarget "DriveSea 3" */;
			buildPhases = (
				A96CB02A2D21A291003E72F6 /* Sources */,
				A96CB02B2D21A291003E72F6 /* Frameworks */,
				A96CB02C2D21A291003E72F6 /* Resources */,
				A9923C152D3950800020910A /* Embed Foundation Extensions */,
				A960B2562D9F0042003F7F1C /* Embed XPC Services */,
			);
			buildRules = (
			);
			dependencies = (
				A9923C132D3950800020910A /* PBXTargetDependency */,
				A960B2542D9F0042003F7F1C /* PBXTargetDependency */,
			);
			name = "DriveSea 3";
			packageProductDependencies = (
				A9B784472D28F39D000EF282 /* Alamofire */,
			);
			productName = "DriveSea 3";
			productReference = A96CB02E2D21A291003E72F6 /* DriveSea 3.app */;
			productType = "com.apple.product-type.application";
		};
		A96CB0432D21A293003E72F6 /* DriveSea 3Tests */ = {
			isa = PBXNativeTarget;
			buildConfigurationList = A96CB05B2D21A293003E72F6 /* Build configuration list for PBXNativeTarget "DriveSea 3Tests" */;
			buildPhases = (
				A96CB0402D21A293003E72F6 /* Sources */,
				A96CB0412D21A293003E72F6 /* Frameworks */,
				A96CB0422D21A293003E72F6 /* Resources */,
			);
			buildRules = (
			);
			dependencies = (
				A96CB0462D21A293003E72F6 /* PBXTargetDependency */,
			);
			name = "DriveSea 3Tests";
			productName = "DriveSea 3Tests";
			productReference = A96CB0442D21A293003E72F6 /* DriveSea 3Tests.xctest */;
			productType = "com.apple.product-type.bundle.unit-test";
		};
		A96CB04D2D21A293003E72F6 /* DriveSea 3UITests */ = {
			isa = PBXNativeTarget;
			buildConfigurationList = A96CB05E2D21A293003E72F6 /* Build configuration list for PBXNativeTarget "DriveSea 3UITests" */;
			buildPhases = (
				A96CB04A2D21A293003E72F6 /* Sources */,
				A96CB04B2D21A293003E72F6 /* Frameworks */,
				A96CB04C2D21A293003E72F6 /* Resources */,
			);
			buildRules = (
			);
			dependencies = (
				A96CB0502D21A293003E72F6 /* PBXTargetDependency */,
			);
			name = "DriveSea 3UITests";
			productName = "DriveSea 3UITests";
			productReference = A96CB04E2D21A293003E72F6 /* DriveSea 3UITests.xctest */;
			productType = "com.apple.product-type.bundle.ui-testing";
		};
		A9923C0B2D3950800020910A /* DriveSea Finder Connector */ = {
			isa = PBXNativeTarget;
			buildConfigurationList = A9923C182D3950800020910A /* Build configuration list for PBXNativeTarget "DriveSea Finder Connector" */;
			buildPhases = (
				A9923C082D3950800020910A /* Sources */,
				A9923C092D3950800020910A /* Frameworks */,
				A9923C0A2D3950800020910A /* Resources */,
			);
			buildRules = (
			);
			dependencies = (
			);
			name = "DriveSea Finder Connector";
			productName = "DriveSea Finder Connector";
			productReference = A9923C0C2D3950800020910A /* DriveSea Finder Connector.appex */;
			productType = "com.apple.product-type.app-extension";
		};
/* End PBXNativeTarget section */

/* Begin PBXProject section */
		A96CB0262D21A291003E72F6 /* Project object */ = {
			isa = PBXProject;
			attributes = {
				BuildIndependentTargetsInParallel = 1;
				LastSwiftUpdateCheck = 1520;
				LastUpgradeCheck = 1520;
				TargetAttributes = {
					A960B2482D9F0042003F7F1C = {
						CreatedOnToolsVersion = 15.2;
					};
					A96CB02D2D21A291003E72F6 = {
						CreatedOnToolsVersion = 15.2;
					};
					A96CB0432D21A293003E72F6 = {
						CreatedOnToolsVersion = 15.2;
						TestTargetID = A96CB02D2D21A291003E72F6;
					};
					A96CB04D2D21A293003E72F6 = {
						CreatedOnToolsVersion = 15.2;
						TestTargetID = A96CB02D2D21A291003E72F6;
					};
					A9923C0B2D3950800020910A = {
						CreatedOnToolsVersion = 15.2;
					};
				};
			};
			buildConfigurationList = A96CB0292D21A291003E72F6 /* Build configuration list for PBXProject "DriveSea 3" */;
			compatibilityVersion = "Xcode 14.0";
			developmentRegion = en;
			hasScannedForEncodings = 0;
			knownRegions = (
				en,
				Base,
				"zh-Hans",
			);
			mainGroup = A96CB0252D21A291003E72F6;
			packageReferences = (
				A9B784462D28F39D000EF282 /* XCRemoteSwiftPackageReference "Alamofire" */,
			);
			productRefGroup = A96CB02F2D21A291003E72F6 /* Products */;
			projectDirPath = "";
			projectRoot = "";
			targets = (
				A96CB02D2D21A291003E72F6 /* DriveSea 3 */,
				A96CB0432D21A293003E72F6 /* DriveSea 3Tests */,
				A96CB04D2D21A293003E72F6 /* DriveSea 3UITests */,
				A9923C0B2D3950800020910A /* DriveSea Finder Connector */,
				A960B2482D9F0042003F7F1C /* XPCService */,
			);
		};
/* End PBXProject section */

/* Begin PBXResourcesBuildPhase section */
		A960B2472D9F0042003F7F1C /* Resources */ = {
			isa = PBXResourcesBuildPhase;
			buildActionMask = 2147483647;
			files = (
			);
			runOnlyForDeploymentPostprocessing = 0;
		};
		A96CB02C2D21A291003E72F6 /* Resources */ = {
			isa = PBXResourcesBuildPhase;
			buildActionMask = 2147483647;
			files = (
				A96CB0392D21A292003E72F6 /* Preview Assets.xcassets in Resources */,
				A96CB0362D21A292003E72F6 /* Assets.xcassets in Resources */,
				A9E068252D284EC9004342E2 /* Localizable.xcstrings in Resources */,
			);
			runOnlyForDeploymentPostprocessing = 0;
		};
		A96CB0422D21A293003E72F6 /* Resources */ = {
			isa = PBXResourcesBuildPhase;
			buildActionMask = 2147483647;
			files = (
			);
			runOnlyForDeploymentPostprocessing = 0;
		};
		A96CB04C2D21A293003E72F6 /* Resources */ = {
			isa = PBXResourcesBuildPhase;
			buildActionMask = 2147483647;
			files = (
			);
			runOnlyForDeploymentPostprocessing = 0;
		};
		A9923C0A2D3950800020910A /* Resources */ = {
			isa = PBXResourcesBuildPhase;
			buildActionMask = 2147483647;
			files = (
			);
			runOnlyForDeploymentPostprocessing = 0;
		};
/* End PBXResourcesBuildPhase section */

/* Begin PBXSourcesBuildPhase section */
		A960B2452D9F0042003F7F1C /* Sources */ = {
			isa = PBXSourcesBuildPhase;
			buildActionMask = 2147483647;
			files = (
				A960B24C2D9F0042003F7F1C /* XPCService.swift in Sources */,
				A960B24E2D9F0042003F7F1C /* XPCServiceProtocol.swift in Sources */,
				A960B2502D9F0042003F7F1C /* main.swift in Sources */,
			);
			runOnlyForDeploymentPostprocessing = 0;
		};
		A96CB02A2D21A291003E72F6 /* Sources */ = {
			isa = PBXSourcesBuildPhase;
			buildActionMask = 2147483647;
			files = (
				A9614C2D2D29929B0078D1AB /* DataStruct.swift in Sources */,
				A96CB03E2D21A292003E72F6 /* DriveSea_3.xcdatamodeld in Sources */,
				A9614C2B2D2982F30078D1AB /* NetworkManager.swift in Sources */,
				A97F28B72D2D2B7800F40A70 /* Protocols.swift in Sources */,
				A96CB03B2D21A292003E72F6 /* Persistence.swift in Sources */,
				A96CB0342D21A291003E72F6 /* LoginView.swift in Sources */,
				A96CB0322D21A291003E72F6 /* DriveSea_3App.swift in Sources */,
				A9B784452D28F340000EF282 /* LoginVM.swift in Sources */,
				A9614C2F2D29937F0078D1AB /* NetworkAPI.swift in Sources */,
			);
			runOnlyForDeploymentPostprocessing = 0;
		};
		A96CB0402D21A293003E72F6 /* Sources */ = {
			isa = PBXSourcesBuildPhase;
			buildActionMask = 2147483647;
			files = (
				A96CB0492D21A293003E72F6 /* DriveSea_3Tests.swift in Sources */,
			);
			runOnlyForDeploymentPostprocessing = 0;
		};
		A96CB04A2D21A293003E72F6 /* Sources */ = {
			isa = PBXSourcesBuildPhase;
			buildActionMask = 2147483647;
			files = (
				A96CB0532D21A293003E72F6 /* DriveSea_3UITests.swift in Sources */,
				A96CB0552D21A293003E72F6 /* DriveSea_3UITestsLaunchTests.swift in Sources */,
			);
			runOnlyForDeploymentPostprocessing = 0;
		};
		A9923C082D3950800020910A /* Sources */ = {
			isa = PBXSourcesBuildPhase;
			buildActionMask = 2147483647;
			files = (
				A9923C0F2D3950800020910A /* FinderSync.swift in Sources */,
			);
			runOnlyForDeploymentPostprocessing = 0;
		};
/* End PBXSourcesBuildPhase section */

/* Begin PBXTargetDependency section */
		A960B2542D9F0042003F7F1C /* PBXTargetDependency */ = {
			isa = PBXTargetDependency;
			target = A960B2482D9F0042003F7F1C /* XPCService */;
			targetProxy = A960B2532D9F0042003F7F1C /* PBXContainerItemProxy */;
		};
		A96CB0462D21A293003E72F6 /* PBXTargetDependency */ = {
			isa = PBXTargetDependency;
			target = A96CB02D2D21A291003E72F6 /* DriveSea 3 */;
			targetProxy = A96CB0452D21A293003E72F6 /* PBXContainerItemProxy */;
		};
		A96CB0502D21A293003E72F6 /* PBXTargetDependency */ = {
			isa = PBXTargetDependency;
			target = A96CB02D2D21A291003E72F6 /* DriveSea 3 */;
			targetProxy = A96CB04F2D21A293003E72F6 /* PBXContainerItemProxy */;
		};
		A9923C132D3950800020910A /* PBXTargetDependency */ = {
			isa = PBXTargetDependency;
			target = A9923C0B2D3950800020910A /* DriveSea Finder Connector */;
			targetProxy = A9923C122D3950800020910A /* PBXContainerItemProxy */;
		};
/* End PBXTargetDependency section */

/* Begin XCBuildConfiguration section */
		A960B2572D9F0042003F7F1C /* Debug */ = {
			isa = XCBuildConfiguration;
			buildSettings = {
				CODE_SIGN_ENTITLEMENTS = XPCService/XPCService.entitlements;
				CODE_SIGN_STYLE = Automatic;
				COMBINE_HIDPI_IMAGES = YES;
				CURRENT_PROJECT_VERSION = 1;
				DEVELOPMENT_TEAM = BX9QJ67C68;
				ENABLE_HARDENED_RUNTIME = YES;
				GENERATE_INFOPLIST_FILE = YES;
				INFOPLIST_FILE = XPCService/Info.plist;
				INFOPLIST_KEY_CFBundleDisplayName = XPCService;
				INFOPLIST_KEY_NSHumanReadableCopyright = "";
				MACOSX_DEPLOYMENT_TARGET = 13.0;
				MARKETING_VERSION = 1.0;
				PRODUCT_BUNDLE_IDENTIFIER = com.felixwither.XPCService;
				PRODUCT_NAME = "$(TARGET_NAME)";
				SKIP_INSTALL = YES;
				SWIFT_EMIT_LOC_STRINGS = YES;
				SWIFT_VERSION = 5.0;
			};
			name = Debug;
		};
		A960B2582D9F0042003F7F1C /* Release */ = {
			isa = XCBuildConfiguration;
			buildSettings = {
				CODE_SIGN_ENTITLEMENTS = XPCService/XPCService.entitlements;
				CODE_SIGN_STYLE = Automatic;
				COMBINE_HIDPI_IMAGES = YES;
				CURRENT_PROJECT_VERSION = 1;
				DEVELOPMENT_TEAM = BX9QJ67C68;
				ENABLE_HARDENED_RUNTIME = YES;
				GENERATE_INFOPLIST_FILE = YES;
				INFOPLIST_FILE = XPCService/Info.plist;
				INFOPLIST_KEY_CFBundleDisplayName = XPCService;
				INFOPLIST_KEY_NSHumanReadableCopyright = "";
				MACOSX_DEPLOYMENT_TARGET = 13.0;
				MARKETING_VERSION = 1.0;
				PRODUCT_BUNDLE_IDENTIFIER = com.felixwither.XPCService;
				PRODUCT_NAME = "$(TARGET_NAME)";
				SKIP_INSTALL = YES;
				SWIFT_EMIT_LOC_STRINGS = YES;
				SWIFT_VERSION = 5.0;
			};
			name = Release;
		};
		A96CB0562D21A293003E72F6 /* Debug */ = {
			isa = XCBuildConfiguration;
			buildSettings = {
				ALWAYS_SEARCH_USER_PATHS = NO;
				ASSETCATALOG_COMPILER_GENERATE_SWIFT_ASSET_SYMBOL_EXTENSIONS = YES;
				CLANG_ANALYZER_NONNULL = YES;
				CLANG_ANALYZER_NUMBER_OBJECT_CONVERSION = YES_AGGRESSIVE;
				CLANG_CXX_LANGUAGE_STANDARD = "gnu++20";
				CLANG_ENABLE_MODULES = YES;
				CLANG_ENABLE_OBJC_ARC = YES;
				CLANG_ENABLE_OBJC_WEAK = YES;
				CLANG_WARN_BLOCK_CAPTURE_AUTORELEASING = YES;
				CLANG_WARN_BOOL_CONVERSION = YES;
				CLANG_WARN_COMMA = YES;
				CLANG_WARN_CONSTANT_CONVERSION = YES;
				CLANG_WARN_DEPRECATED_OBJC_IMPLEMENTATIONS = YES;
				CLANG_WARN_DIRECT_OBJC_ISA_USAGE = YES_ERROR;
				CLANG_WARN_DOCUMENTATION_COMMENTS = YES;
				CLANG_WARN_EMPTY_BODY = YES;
				CLANG_WARN_ENUM_CONVERSION = YES;
				CLANG_WARN_INFINITE_RECURSION = YES;
				CLANG_WARN_INT_CONVERSION = YES;
				CLANG_WARN_NON_LITERAL_NULL_CONVERSION = YES;
				CLANG_WARN_OBJC_IMPLICIT_RETAIN_SELF = YES;
				CLANG_WARN_OBJC_LITERAL_CONVERSION = YES;
				CLANG_WARN_OBJC_ROOT_CLASS = YES_ERROR;
				CLANG_WARN_QUOTED_INCLUDE_IN_FRAMEWORK_HEADER = YES;
				CLANG_WARN_RANGE_LOOP_ANALYSIS = YES;
				CLANG_WARN_STRICT_PROTOTYPES = YES;
				CLANG_WARN_SUSPICIOUS_MOVE = YES;
				CLANG_WARN_UNGUARDED_AVAILABILITY = YES_AGGRESSIVE;
				CLANG_WARN_UNREACHABLE_CODE = YES;
				CLANG_WARN__DUPLICATE_METHOD_MATCH = YES;
				COPY_PHASE_STRIP = NO;
				DEBUG_INFORMATION_FORMAT = dwarf;
				ENABLE_STRICT_OBJC_MSGSEND = YES;
				ENABLE_TESTABILITY = YES;
				ENABLE_USER_SCRIPT_SANDBOXING = YES;
				GCC_C_LANGUAGE_STANDARD = gnu17;
				GCC_DYNAMIC_NO_PIC = NO;
				GCC_NO_COMMON_BLOCKS = YES;
				GCC_OPTIMIZATION_LEVEL = 0;
				GCC_PREPROCESSOR_DEFINITIONS = (
					"DEBUG=1",
					"$(inherited)",
				);
				GCC_WARN_64_TO_32_BIT_CONVERSION = YES;
				GCC_WARN_ABOUT_RETURN_TYPE = YES_ERROR;
				GCC_WARN_UNDECLARED_SELECTOR = YES;
				GCC_WARN_UNINITIALIZED_AUTOS = YES_AGGRESSIVE;
				GCC_WARN_UNUSED_FUNCTION = YES;
				GCC_WARN_UNUSED_VARIABLE = YES;
				LOCALIZATION_PREFERS_STRING_CATALOGS = YES;
				MACOSX_DEPLOYMENT_TARGET = 13.0;
				MTL_ENABLE_DEBUG_INFO = INCLUDE_SOURCE;
				MTL_FAST_MATH = YES;
				ONLY_ACTIVE_ARCH = YES;
				SDKROOT = macosx;
				SWIFT_ACTIVE_COMPILATION_CONDITIONS = "DEBUG $(inherited)";
				SWIFT_OPTIMIZATION_LEVEL = "-Onone";
			};
			name = Debug;
		};
		A96CB0572D21A293003E72F6 /* Release */ = {
			isa = XCBuildConfiguration;
			buildSettings = {
				ALWAYS_SEARCH_USER_PATHS = NO;
				ASSETCATALOG_COMPILER_GENERATE_SWIFT_ASSET_SYMBOL_EXTENSIONS = YES;
				CLANG_ANALYZER_NONNULL = YES;
				CLANG_ANALYZER_NUMBER_OBJECT_CONVERSION = YES_AGGRESSIVE;
				CLANG_CXX_LANGUAGE_STANDARD = "gnu++20";
				CLANG_ENABLE_MODULES = YES;
				CLANG_ENABLE_OBJC_ARC = YES;
				CLANG_ENABLE_OBJC_WEAK = YES;
				CLANG_WARN_BLOCK_CAPTURE_AUTORELEASING = YES;
				CLANG_WARN_BOOL_CONVERSION = YES;
				CLANG_WARN_COMMA = YES;
				CLANG_WARN_CONSTANT_CONVERSION = YES;
				CLANG_WARN_DEPRECATED_OBJC_IMPLEMENTATIONS = YES;
				CLANG_WARN_DIRECT_OBJC_ISA_USAGE = YES_ERROR;
				CLANG_WARN_DOCUMENTATION_COMMENTS = YES;
				CLANG_WARN_EMPTY_BODY = YES;
				CLANG_WARN_ENUM_CONVERSION = YES;
				CLANG_WARN_INFINITE_RECURSION = YES;
				CLANG_WARN_INT_CONVERSION = YES;
				CLANG_WARN_NON_LITERAL_NULL_CONVERSION = YES;
				CLANG_WARN_OBJC_IMPLICIT_RETAIN_SELF = YES;
				CLANG_WARN_OBJC_LITERAL_CONVERSION = YES;
				CLANG_WARN_OBJC_ROOT_CLASS = YES_ERROR;
				CLANG_WARN_QUOTED_INCLUDE_IN_FRAMEWORK_HEADER = YES;
				CLANG_WARN_RANGE_LOOP_ANALYSIS = YES;
				CLANG_WARN_STRICT_PROTOTYPES = YES;
				CLANG_WARN_SUSPICIOUS_MOVE = YES;
				CLANG_WARN_UNGUARDED_AVAILABILITY = YES_AGGRESSIVE;
				CLANG_WARN_UNREACHABLE_CODE = YES;
				CLANG_WARN__DUPLICATE_METHOD_MATCH = YES;
				COPY_PHASE_STRIP = NO;
				DEBUG_INFORMATION_FORMAT = "dwarf-with-dsym";
				ENABLE_NS_ASSERTIONS = NO;
				ENABLE_STRICT_OBJC_MSGSEND = YES;
				ENABLE_USER_SCRIPT_SANDBOXING = YES;
				GCC_C_LANGUAGE_STANDARD = gnu17;
				GCC_NO_COMMON_BLOCKS = YES;
				GCC_WARN_64_TO_32_BIT_CONVERSION = YES;
				GCC_WARN_ABOUT_RETURN_TYPE = YES_ERROR;
				GCC_WARN_UNDECLARED_SELECTOR = YES;
				GCC_WARN_UNINITIALIZED_AUTOS = YES_AGGRESSIVE;
				GCC_WARN_UNUSED_FUNCTION = YES;
				GCC_WARN_UNUSED_VARIABLE = YES;
				LOCALIZATION_PREFERS_STRING_CATALOGS = YES;
				MACOSX_DEPLOYMENT_TARGET = 13.0;
				MTL_ENABLE_DEBUG_INFO = NO;
				MTL_FAST_MATH = YES;
				SDKROOT = macosx;
				SWIFT_COMPILATION_MODE = wholemodule;
			};
			name = Release;
		};
		A96CB0592D21A293003E72F6 /* Debug */ = {
			isa = XCBuildConfiguration;
			buildSettings = {
				ALWAYS_EMBED_SWIFT_STANDARD_LIBRARIES = YES;
				ASSETCATALOG_COMPILER_APPICON_NAME = AppIcon;
				ASSETCATALOG_COMPILER_GLOBAL_ACCENT_COLOR_NAME = AccentColor;
				CODE_SIGN_ENTITLEMENTS = "DriveSea 3/DriveSea_3.entitlements";
				CODE_SIGN_STYLE = Automatic;
				COMBINE_HIDPI_IMAGES = YES;
				CURRENT_PROJECT_VERSION = 1;
				DEVELOPMENT_ASSET_PATHS = "\"DriveSea 3/Preview Content\"";
				DEVELOPMENT_TEAM = BX9QJ67C68;
				ENABLE_HARDENED_RUNTIME = YES;
				ENABLE_PREVIEWS = YES;
				GENERATE_INFOPLIST_FILE = YES;
				INFOPLIST_KEY_NSHumanReadableCopyright = "";
				LD_RUNPATH_SEARCH_PATHS = (
					"$(inherited)",
					"@executable_path/../Frameworks",
				);
				MARKETING_VERSION = 1.0;
				PRODUCT_BUNDLE_IDENTIFIER = "com.felixwither.DriveSea-3";
				PRODUCT_NAME = "$(TARGET_NAME)";
				SWIFT_EMIT_LOC_STRINGS = YES;
				SWIFT_VERSION = 5.0;
			};
			name = Debug;
		};
		A96CB05A2D21A293003E72F6 /* Release */ = {
			isa = XCBuildConfiguration;
			buildSettings = {
				ALWAYS_EMBED_SWIFT_STANDARD_LIBRARIES = YES;
				ASSETCATALOG_COMPILER_APPICON_NAME = AppIcon;
				ASSETCATALOG_COMPILER_GLOBAL_ACCENT_COLOR_NAME = AccentColor;
				CODE_SIGN_ENTITLEMENTS = "DriveSea 3/DriveSea_3.entitlements";
				CODE_SIGN_STYLE = Automatic;
				COMBINE_HIDPI_IMAGES = YES;
				CURRENT_PROJECT_VERSION = 1;
				DEVELOPMENT_ASSET_PATHS = "\"DriveSea 3/Preview Content\"";
				DEVELOPMENT_TEAM = BX9QJ67C68;
				ENABLE_HARDENED_RUNTIME = YES;
				ENABLE_PREVIEWS = YES;
				GENERATE_INFOPLIST_FILE = YES;
				INFOPLIST_KEY_NSHumanReadableCopyright = "";
				LD_RUNPATH_SEARCH_PATHS = (
					"$(inherited)",
					"@executable_path/../Frameworks",
				);
				MARKETING_VERSION = 1.0;
				PRODUCT_BUNDLE_IDENTIFIER = "com.felixwither.DriveSea-3";
				PRODUCT_NAME = "$(TARGET_NAME)";
				SWIFT_EMIT_LOC_STRINGS = YES;
				SWIFT_VERSION = 5.0;
			};
			name = Release;
		};
		A96CB05C2D21A293003E72F6 /* Debug */ = {
			isa = XCBuildConfiguration;
			buildSettings = {
				ALWAYS_EMBED_SWIFT_STANDARD_LIBRARIES = YES;
				BUNDLE_LOADER = "$(TEST_HOST)";
				CODE_SIGN_STYLE = Automatic;
				CURRENT_PROJECT_VERSION = 1;
				DEVELOPMENT_TEAM = BX9QJ67C68;
				GENERATE_INFOPLIST_FILE = YES;
				MACOSX_DEPLOYMENT_TARGET = 13.0;
				MARKETING_VERSION = 1.0;
				PRODUCT_BUNDLE_IDENTIFIER = "com.felixwither.DriveSea-3Tests";
				PRODUCT_NAME = "$(TARGET_NAME)";
				SWIFT_EMIT_LOC_STRINGS = NO;
				SWIFT_VERSION = 5.0;
				TEST_HOST = "$(BUILT_PRODUCTS_DIR)/DriveSea 3.app/$(BUNDLE_EXECUTABLE_FOLDER_PATH)/DriveSea 3";
			};
			name = Debug;
		};
		A96CB05D2D21A293003E72F6 /* Release */ = {
			isa = XCBuildConfiguration;
			buildSettings = {
				ALWAYS_EMBED_SWIFT_STANDARD_LIBRARIES = YES;
				BUNDLE_LOADER = "$(TEST_HOST)";
				CODE_SIGN_STYLE = Automatic;
				CURRENT_PROJECT_VERSION = 1;
				DEVELOPMENT_TEAM = BX9QJ67C68;
				GENERATE_INFOPLIST_FILE = YES;
				MACOSX_DEPLOYMENT_TARGET = 13.0;
				MARKETING_VERSION = 1.0;
				PRODUCT_BUNDLE_IDENTIFIER = "com.felixwither.DriveSea-3Tests";
				PRODUCT_NAME = "$(TARGET_NAME)";
				SWIFT_EMIT_LOC_STRINGS = NO;
				SWIFT_VERSION = 5.0;
				TEST_HOST = "$(BUILT_PRODUCTS_DIR)/DriveSea 3.app/$(BUNDLE_EXECUTABLE_FOLDER_PATH)/DriveSea 3";
			};
			name = Release;
		};
		A96CB05F2D21A293003E72F6 /* Debug */ = {
			isa = XCBuildConfiguration;
			buildSettings = {
				ALWAYS_EMBED_SWIFT_STANDARD_LIBRARIES = YES;
				CODE_SIGN_STYLE = Automatic;
				CURRENT_PROJECT_VERSION = 1;
				DEVELOPMENT_TEAM = BX9QJ67C68;
				GENERATE_INFOPLIST_FILE = YES;
				MARKETING_VERSION = 1.0;
				PRODUCT_BUNDLE_IDENTIFIER = "com.felixwither.DriveSea-3UITests";
				PRODUCT_NAME = "$(TARGET_NAME)";
				SWIFT_EMIT_LOC_STRINGS = NO;
				SWIFT_VERSION = 5.0;
				TEST_TARGET_NAME = "DriveSea 3";
			};
			name = Debug;
		};
		A96CB0602D21A293003E72F6 /* Release */ = {
			isa = XCBuildConfiguration;
			buildSettings = {
				ALWAYS_EMBED_SWIFT_STANDARD_LIBRARIES = YES;
				CODE_SIGN_STYLE = Automatic;
				CURRENT_PROJECT_VERSION = 1;
				DEVELOPMENT_TEAM = BX9QJ67C68;
				GENERATE_INFOPLIST_FILE = YES;
				MARKETING_VERSION = 1.0;
				PRODUCT_BUNDLE_IDENTIFIER = "com.felixwither.DriveSea-3UITests";
				PRODUCT_NAME = "$(TARGET_NAME)";
				SWIFT_EMIT_LOC_STRINGS = NO;
				SWIFT_VERSION = 5.0;
				TEST_TARGET_NAME = "DriveSea 3";
			};
			name = Release;
		};
		A9923C162D3950800020910A /* Debug */ = {
			isa = XCBuildConfiguration;
			buildSettings = {
				CODE_SIGN_ENTITLEMENTS = "DriveSea Finder Connector/DriveSea_Finder_Connector.entitlements";
				CODE_SIGN_STYLE = Automatic;
				COMBINE_HIDPI_IMAGES = YES;
				CURRENT_PROJECT_VERSION = 1;
				DEVELOPMENT_TEAM = BX9QJ67C68;
				ENABLE_HARDENED_RUNTIME = YES;
				GENERATE_INFOPLIST_FILE = YES;
				INFOPLIST_FILE = "DriveSea Finder Connector/Info.plist";
				INFOPLIST_KEY_CFBundleDisplayName = "DriveSea Finder Connector";
				INFOPLIST_KEY_NSHumanReadableCopyright = "";
				LD_RUNPATH_SEARCH_PATHS = (
					"$(inherited)",
					"@executable_path/../Frameworks",
					"@executable_path/../../../../Frameworks",
				);
				MACOSX_DEPLOYMENT_TARGET = 13.0;
				MARKETING_VERSION = 1.0;
				PRODUCT_BUNDLE_IDENTIFIER = "com.felixwither.DriveSea-3.DriveSea-Finder-Connector";
				PRODUCT_NAME = "$(TARGET_NAME)";
				SKIP_INSTALL = YES;
				SWIFT_EMIT_LOC_STRINGS = YES;
				SWIFT_VERSION = 5.0;
			};
			name = Debug;
		};
		A9923C172D3950800020910A /* Release */ = {
			isa = XCBuildConfiguration;
			buildSettings = {
				CODE_SIGN_ENTITLEMENTS = "DriveSea Finder Connector/DriveSea_Finder_Connector.entitlements";
				CODE_SIGN_STYLE = Automatic;
				COMBINE_HIDPI_IMAGES = YES;
				CURRENT_PROJECT_VERSION = 1;
				DEVELOPMENT_TEAM = BX9QJ67C68;
				ENABLE_HARDENED_RUNTIME = YES;
				GENERATE_INFOPLIST_FILE = YES;
				INFOPLIST_FILE = "DriveSea Finder Connector/Info.plist";
				INFOPLIST_KEY_CFBundleDisplayName = "DriveSea Finder Connector";
				INFOPLIST_KEY_NSHumanReadableCopyright = "";
				LD_RUNPATH_SEARCH_PATHS = (
					"$(inherited)",
					"@executable_path/../Frameworks",
					"@executable_path/../../../../Frameworks",
				);
				MACOSX_DEPLOYMENT_TARGET = 13.0;
				MARKETING_VERSION = 1.0;
				PRODUCT_BUNDLE_IDENTIFIER = "com.felixwither.DriveSea-3.DriveSea-Finder-Connector";
				PRODUCT_NAME = "$(TARGET_NAME)";
				SKIP_INSTALL = YES;
				SWIFT_EMIT_LOC_STRINGS = YES;
				SWIFT_VERSION = 5.0;
			};
			name = Release;
		};
/* End XCBuildConfiguration section */

/* Begin XCConfigurationList section */
		A960B2592D9F0042003F7F1C /* Build configuration list for PBXNativeTarget "XPCService" */ = {
			isa = XCConfigurationList;
			buildConfigurations = (
				A960B2572D9F0042003F7F1C /* Debug */,
				A960B2582D9F0042003F7F1C /* Release */,
			);
			defaultConfigurationIsVisible = 0;
			defaultConfigurationName = Release;
		};
		A96CB0292D21A291003E72F6 /* Build configuration list for PBXProject "DriveSea 3" */ = {
			isa = XCConfigurationList;
			buildConfigurations = (
				A96CB0562D21A293003E72F6 /* Debug */,
				A96CB0572D21A293003E72F6 /* Release */,
			);
			defaultConfigurationIsVisible = 0;
			defaultConfigurationName = Release;
		};
		A96CB0582D21A293003E72F6 /* Build configuration list for PBXNativeTarget "DriveSea 3" */ = {
			isa = XCConfigurationList;
			buildConfigurations = (
				A96CB0592D21A293003E72F6 /* Debug */,
				A96CB05A2D21A293003E72F6 /* Release */,
			);
			defaultConfigurationIsVisible = 0;
			defaultConfigurationName = Release;
		};
		A96CB05B2D21A293003E72F6 /* Build configuration list for PBXNativeTarget "DriveSea 3Tests" */ = {
			isa = XCConfigurationList;
			buildConfigurations = (
				A96CB05C2D21A293003E72F6 /* Debug */,
				A96CB05D2D21A293003E72F6 /* Release */,
			);
			defaultConfigurationIsVisible = 0;
			defaultConfigurationName = Release;
		};
		A96CB05E2D21A293003E72F6 /* Build configuration list for PBXNativeTarget "DriveSea 3UITests" */ = {
			isa = XCConfigurationList;
			buildConfigurations = (
				A96CB05F2D21A293003E72F6 /* Debug */,
				A96CB0602D21A293003E72F6 /* Release */,
			);
			defaultConfigurationIsVisible = 0;
			defaultConfigurationName = Release;
		};
		A9923C182D3950800020910A /* Build configuration list for PBXNativeTarget "DriveSea Finder Connector" */ = {
			isa = XCConfigurationList;
			buildConfigurations = (
				A9923C162D3950800020910A /* Debug */,
				A9923C172D3950800020910A /* Release */,
			);
			defaultConfigurationIsVisible = 0;
			defaultConfigurationName = Release;
		};
/* End XCConfigurationList section */

/* Begin XCRemoteSwiftPackageReference section */
		A9B784462D28F39D000EF282 /* XCRemoteSwiftPackageReference "Alamofire" */ = {
			isa = XCRemoteSwiftPackageReference;
			repositoryURL = "https://github.com/Alamofire/Alamofire";
			requirement = {
				kind = upToNextMajorVersion;
				minimumVersion = 5.10.2;
			};
		};
/* End XCRemoteSwiftPackageReference section */

/* Begin XCSwiftPackageProductDependency section */
		A9B784472D28F39D000EF282 /* Alamofire */ = {
			isa = XCSwiftPackageProductDependency;
			package = A9B784462D28F39D000EF282 /* XCRemoteSwiftPackageReference "Alamofire" */;
			productName = Alamofire;
		};
/* End XCSwiftPackageProductDependency section */

/* Begin XCVersionGroup section */
		A96CB03C2D21A292003E72F6 /* DriveSea_3.xcdatamodeld */ = {
			isa = XCVersionGroup;
			children = (
				A96CB03D2D21A292003E72F6 /* DriveSea_3.xcdatamodel */,
			);
			currentVersion = A96CB03D2D21A292003E72F6 /* DriveSea_3.xcdatamodel */;
			path = DriveSea_3.xcdatamodeld;
			sourceTree = "<group>";
			versionGroupType = wrapper.xcdatamodel;
		};
/* End XCVersionGroup section */
	};
	rootObject = A96CB0262D21A291003E72F6 /* Project object */;
}
